// !$*UTF8*$!
{
	archiveVersion = 1;
	classes = {
	};
	objectVersion = 56;
	objects = {

/* Begin PBXBuildFile section */
		3E342CDB294E33B9001CB6DD /* UserViewModel.swift in Sources */ = {isa = PBXBuildFile; fileRef = 3E342CDA294E33B9001CB6DD /* UserViewModel.swift */; };
		3E342CE0294E3BCD001CB6DD /* TestingAddUserView.swift in Sources */ = {isa = PBXBuildFile; fileRef = 3E342CDF294E3BCD001CB6DD /* TestingAddUserView.swift */; };
		3E342CE2294E4055001CB6DD /* AllUsersView.swift in Sources */ = {isa = PBXBuildFile; fileRef = 3E342CE1294E4055001CB6DD /* AllUsersView.swift */; };
		3E342CE4294E4C2E001CB6DD /* CatalogueViewModel.swift in Sources */ = {isa = PBXBuildFile; fileRef = 3E342CE3294E4C2E001CB6DD /* CatalogueViewModel.swift */; };
		3E342CE6294E58C3001CB6DD /* CatalogueView.swift in Sources */ = {isa = PBXBuildFile; fileRef = 3E342CE5294E58C3001CB6DD /* CatalogueView.swift */; };
		3E342CE8294E599B001CB6DD /* TestingAddCatalogueView.swift in Sources */ = {isa = PBXBuildFile; fileRef = 3E342CE7294E599B001CB6DD /* TestingAddCatalogueView.swift */; };
		3E365168294E755200AAE128 /* TabBarView.swift in Sources */ = {isa = PBXBuildFile; fileRef = 3E365167294E755200AAE128 /* TabBarView.swift */; };
		3E36516A294E81F700AAE128 /* MemberCatalogueView.swift in Sources */ = {isa = PBXBuildFile; fileRef = 3E365169294E81F700AAE128 /* MemberCatalogueView.swift */; };
		3E37D1D1294E72B900849264 /* Catalogue+CoreDataClass.swift in Sources */ = {isa = PBXBuildFile; fileRef = 3E37D1CF294E72B900849264 /* Catalogue+CoreDataClass.swift */; };
		3E37D1D2294E72B900849264 /* Catalogue+CoreDataProperties.swift in Sources */ = {isa = PBXBuildFile; fileRef = 3E37D1D0294E72B900849264 /* Catalogue+CoreDataProperties.swift */; };
		3E8B78B8294EA66200E1A53E /* AdminLoanView.swift in Sources */ = {isa = PBXBuildFile; fileRef = 3E8B78B7294EA66200E1A53E /* AdminLoanView.swift */; };
		3E8B78BA294EAD7A00E1A53E /* AddLoanView.swift in Sources */ = {isa = PBXBuildFile; fileRef = 3E8B78B9294EAD7A00E1A53E /* AddLoanView.swift */; };
		3E8B78BD294EB5E200E1A53E /* ColorExtension.swift in Sources */ = {isa = PBXBuildFile; fileRef = 3E8B78BC294EB5E200E1A53E /* ColorExtension.swift */; };
		3E8B78BF294EB76700E1A53E /* SearchUserView.swift in Sources */ = {isa = PBXBuildFile; fileRef = 3E8B78BE294EB76700E1A53E /* SearchUserView.swift */; };
		3E8B78C1294EC08800E1A53E /* LoanViewModel.swift in Sources */ = {isa = PBXBuildFile; fileRef = 3E8B78C0294EC08800E1A53E /* LoanViewModel.swift */; };
		3E8B78C3294ECE6C00E1A53E /* AdminLoanedCatalogueView.swift in Sources */ = {isa = PBXBuildFile; fileRef = 3E8B78C2294ECE6C00E1A53E /* AdminLoanedCatalogueView.swift */; };
		3EEE2E97294DD0AD0066E7E0 /* sertifikasi_libraryApp.swift in Sources */ = {isa = PBXBuildFile; fileRef = 3EEE2E96294DD0AD0066E7E0 /* sertifikasi_libraryApp.swift */; };
		3EEE2E99294DD0AD0066E7E0 /* ContentView.swift in Sources */ = {isa = PBXBuildFile; fileRef = 3EEE2E98294DD0AD0066E7E0 /* ContentView.swift */; };
		3EEE2E9B294DD0AD0066E7E0 /* Assets.xcassets in Resources */ = {isa = PBXBuildFile; fileRef = 3EEE2E9A294DD0AD0066E7E0 /* Assets.xcassets */; };
		3EEE2E9E294DD0AD0066E7E0 /* Preview Assets.xcassets in Resources */ = {isa = PBXBuildFile; fileRef = 3EEE2E9D294DD0AD0066E7E0 /* Preview Assets.xcassets */; };
		3EEE2EA0294DD0AD0066E7E0 /* Persistence.swift in Sources */ = {isa = PBXBuildFile; fileRef = 3EEE2E9F294DD0AD0066E7E0 /* Persistence.swift */; };
		3EEE2EA3294DD0AD0066E7E0 /* sertifikasi_library.xcdatamodeld in Sources */ = {isa = PBXBuildFile; fileRef = 3EEE2EA1294DD0AD0066E7E0 /* sertifikasi_library.xcdatamodeld */; };
		3EF5CAE3294DE29100B4909C /* User+CoreDataClass.swift in Sources */ = {isa = PBXBuildFile; fileRef = 3EF5CADD294DE29100B4909C /* User+CoreDataClass.swift */; };
		3EF5CAE4294DE29100B4909C /* User+CoreDataProperties.swift in Sources */ = {isa = PBXBuildFile; fileRef = 3EF5CADE294DE29100B4909C /* User+CoreDataProperties.swift */; };
		3EF5CAE7294DE29100B4909C /* Loan+CoreDataClass.swift in Sources */ = {isa = PBXBuildFile; fileRef = 3EF5CAE1294DE29100B4909C /* Loan+CoreDataClass.swift */; };
		3EF5CAE8294DE29100B4909C /* Loan+CoreDataProperties.swift in Sources */ = {isa = PBXBuildFile; fileRef = 3EF5CAE2294DE29100B4909C /* Loan+CoreDataProperties.swift */; };
/* End PBXBuildFile section */

/* Begin PBXFileReference section */
		3E342CDA294E33B9001CB6DD /* UserViewModel.swift */ = {isa = PBXFileReference; lastKnownFileType = sourcecode.swift; path = UserViewModel.swift; sourceTree = "<group>"; };
		3E342CDF294E3BCD001CB6DD /* TestingAddUserView.swift */ = {isa = PBXFileReference; lastKnownFileType = sourcecode.swift; path = TestingAddUserView.swift; sourceTree = "<group>"; };
		3E342CE1294E4055001CB6DD /* AllUsersView.swift */ = {isa = PBXFileReference; lastKnownFileType = sourcecode.swift; path = AllUsersView.swift; sourceTree = "<group>"; };
		3E342CE3294E4C2E001CB6DD /* CatalogueViewModel.swift */ = {isa = PBXFileReference; lastKnownFileType = sourcecode.swift; path = CatalogueViewModel.swift; sourceTree = "<group>"; };
		3E342CE5294E58C3001CB6DD /* CatalogueView.swift */ = {isa = PBXFileReference; lastKnownFileType = sourcecode.swift; path = CatalogueView.swift; sourceTree = "<group>"; };
		3E342CE7294E599B001CB6DD /* TestingAddCatalogueView.swift */ = {isa = PBXFileReference; lastKnownFileType = sourcecode.swift; path = TestingAddCatalogueView.swift; sourceTree = "<group>"; };
		3E365167294E755200AAE128 /* TabBarView.swift */ = {isa = PBXFileReference; lastKnownFileType = sourcecode.swift; path = TabBarView.swift; sourceTree = "<group>"; };
		3E365169294E81F700AAE128 /* MemberCatalogueView.swift */ = {isa = PBXFileReference; lastKnownFileType = sourcecode.swift; path = MemberCatalogueView.swift; sourceTree = "<group>"; };
		3E37D1CF294E72B900849264 /* Catalogue+CoreDataClass.swift */ = {isa = PBXFileReference; lastKnownFileType = sourcecode.swift; path = "Catalogue+CoreDataClass.swift"; sourceTree = "<group>"; };
		3E37D1D0294E72B900849264 /* Catalogue+CoreDataProperties.swift */ = {isa = PBXFileReference; lastKnownFileType = sourcecode.swift; path = "Catalogue+CoreDataProperties.swift"; sourceTree = "<group>"; };
		3E8B78B7294EA66200E1A53E /* AdminLoanView.swift */ = {isa = PBXFileReference; lastKnownFileType = sourcecode.swift; path = AdminLoanView.swift; sourceTree = "<group>"; };
		3E8B78B9294EAD7A00E1A53E /* AddLoanView.swift */ = {isa = PBXFileReference; lastKnownFileType = sourcecode.swift; path = AddLoanView.swift; sourceTree = "<group>"; };
		3E8B78BC294EB5E200E1A53E /* ColorExtension.swift */ = {isa = PBXFileReference; lastKnownFileType = sourcecode.swift; path = ColorExtension.swift; sourceTree = "<group>"; };
		3E8B78BE294EB76700E1A53E /* SearchUserView.swift */ = {isa = PBXFileReference; lastKnownFileType = sourcecode.swift; path = SearchUserView.swift; sourceTree = "<group>"; };
		3E8B78C0294EC08800E1A53E /* LoanViewModel.swift */ = {isa = PBXFileReference; lastKnownFileType = sourcecode.swift; path = LoanViewModel.swift; sourceTree = "<group>"; };
		3E8B78C2294ECE6C00E1A53E /* AdminLoanedCatalogueView.swift */ = {isa = PBXFileReference; lastKnownFileType = sourcecode.swift; path = AdminLoanedCatalogueView.swift; sourceTree = "<group>"; };
		3EEE2E93294DD0AD0066E7E0 /* sertifikasi-library.app */ = {isa = PBXFileReference; explicitFileType = wrapper.application; includeInIndex = 0; path = "sertifikasi-library.app"; sourceTree = BUILT_PRODUCTS_DIR; };
		3EEE2E96294DD0AD0066E7E0 /* sertifikasi_libraryApp.swift */ = {isa = PBXFileReference; lastKnownFileType = sourcecode.swift; path = sertifikasi_libraryApp.swift; sourceTree = "<group>"; };
		3EEE2E98294DD0AD0066E7E0 /* ContentView.swift */ = {isa = PBXFileReference; lastKnownFileType = sourcecode.swift; path = ContentView.swift; sourceTree = "<group>"; };
		3EEE2E9A294DD0AD0066E7E0 /* Assets.xcassets */ = {isa = PBXFileReference; lastKnownFileType = folder.assetcatalog; path = Assets.xcassets; sourceTree = "<group>"; };
		3EEE2E9D294DD0AD0066E7E0 /* Preview Assets.xcassets */ = {isa = PBXFileReference; lastKnownFileType = folder.assetcatalog; path = "Preview Assets.xcassets"; sourceTree = "<group>"; };
		3EEE2E9F294DD0AD0066E7E0 /* Persistence.swift */ = {isa = PBXFileReference; lastKnownFileType = sourcecode.swift; path = Persistence.swift; sourceTree = "<group>"; };
		3EEE2EA2294DD0AD0066E7E0 /* sertifikasi_library.xcdatamodel */ = {isa = PBXFileReference; lastKnownFileType = wrapper.xcdatamodel; path = sertifikasi_library.xcdatamodel; sourceTree = "<group>"; };
		3EF5CADD294DE29100B4909C /* User+CoreDataClass.swift */ = {isa = PBXFileReference; lastKnownFileType = sourcecode.swift; path = "User+CoreDataClass.swift"; sourceTree = "<group>"; };
		3EF5CADE294DE29100B4909C /* User+CoreDataProperties.swift */ = {isa = PBXFileReference; lastKnownFileType = sourcecode.swift; path = "User+CoreDataProperties.swift"; sourceTree = "<group>"; };
		3EF5CAE1294DE29100B4909C /* Loan+CoreDataClass.swift */ = {isa = PBXFileReference; lastKnownFileType = sourcecode.swift; path = "Loan+CoreDataClass.swift"; sourceTree = "<group>"; };
		3EF5CAE2294DE29100B4909C /* Loan+CoreDataProperties.swift */ = {isa = PBXFileReference; lastKnownFileType = sourcecode.swift; path = "Loan+CoreDataProperties.swift"; sourceTree = "<group>"; };
/* End PBXFileReference section */

/* Begin PBXFrameworksBuildPhase section */
		3EEE2E90294DD0AD0066E7E0 /* Frameworks */ = {
			isa = PBXFrameworksBuildPhase;
			buildActionMask = 2147483647;
			files = (
			);
			runOnlyForDeploymentPostprocessing = 0;
		};
/* End PBXFrameworksBuildPhase section */

/* Begin PBXGroup section */
		3E342CDC294E33CF001CB6DD /* ViewModel */ = {
			isa = PBXGroup;
			children = (
				3E342CDA294E33B9001CB6DD /* UserViewModel.swift */,
				3E342CE3294E4C2E001CB6DD /* CatalogueViewModel.swift */,
				3E8B78C0294EC08800E1A53E /* LoanViewModel.swift */,
			);
			path = ViewModel;
			sourceTree = "<group>";
		};
		3E342CDD294E3427001CB6DD /* Model */ = {
			isa = PBXGroup;
			children = (
				3E37D1CF294E72B900849264 /* Catalogue+CoreDataClass.swift */,
				3E37D1D0294E72B900849264 /* Catalogue+CoreDataProperties.swift */,
				3EF5CADD294DE29100B4909C /* User+CoreDataClass.swift */,
				3EF5CADE294DE29100B4909C /* User+CoreDataProperties.swift */,
				3EF5CAE1294DE29100B4909C /* Loan+CoreDataClass.swift */,
				3EF5CAE2294DE29100B4909C /* Loan+CoreDataProperties.swift */,
			);
			path = Model;
			sourceTree = "<group>";
		};
		3E342CDE294E3BAF001CB6DD /* View */ = {
			isa = PBXGroup;
			children = (
				3E342CDF294E3BCD001CB6DD /* TestingAddUserView.swift */,
				3E342CE1294E4055001CB6DD /* AllUsersView.swift */,
				3E342CE5294E58C3001CB6DD /* CatalogueView.swift */,
				3E342CE7294E599B001CB6DD /* TestingAddCatalogueView.swift */,
				3E365167294E755200AAE128 /* TabBarView.swift */,
				3E365169294E81F700AAE128 /* MemberCatalogueView.swift */,
				3E8B78B7294EA66200E1A53E /* AdminLoanView.swift */,
				3E8B78B9294EAD7A00E1A53E /* AddLoanView.swift */,
				3E8B78BE294EB76700E1A53E /* SearchUserView.swift */,
				3E8B78C2294ECE6C00E1A53E /* AdminLoanedCatalogueView.swift */,
			);
			path = View;
			sourceTree = "<group>";
		};
		3E8B78BB294EB5D100E1A53E /* Extension */ = {
			isa = PBXGroup;
			children = (
				3E8B78BC294EB5E200E1A53E /* ColorExtension.swift */,
			);
			path = Extension;
			sourceTree = "<group>";
		};
		3EEE2E8A294DD0AD0066E7E0 = {
			isa = PBXGroup;
			children = (
				3EEE2E95294DD0AD0066E7E0 /* sertifikasi-library */,
				3EEE2E94294DD0AD0066E7E0 /* Products */,
			);
			sourceTree = "<group>";
		};
		3EEE2E94294DD0AD0066E7E0 /* Products */ = {
			isa = PBXGroup;
			children = (
				3EEE2E93294DD0AD0066E7E0 /* sertifikasi-library.app */,
			);
			name = Products;
			sourceTree = "<group>";
		};
		3EEE2E95294DD0AD0066E7E0 /* sertifikasi-library */ = {
			isa = PBXGroup;
			children = (
				3E8B78BB294EB5D100E1A53E /* Extension */,
				3E342CDE294E3BAF001CB6DD /* View */,
				3E342CDD294E3427001CB6DD /* Model */,
				3E342CDC294E33CF001CB6DD /* ViewModel */,
				3EEE2E96294DD0AD0066E7E0 /* sertifikasi_libraryApp.swift */,
				3EEE2E98294DD0AD0066E7E0 /* ContentView.swift */,
				3EEE2E9A294DD0AD0066E7E0 /* Assets.xcassets */,
				3EEE2E9F294DD0AD0066E7E0 /* Persistence.swift */,
				3EEE2EA1294DD0AD0066E7E0 /* sertifikasi_library.xcdatamodeld */,
				3EEE2E9C294DD0AD0066E7E0 /* Preview Content */,
			);
			path = "sertifikasi-library";
			sourceTree = "<group>";
		};
		3EEE2E9C294DD0AD0066E7E0 /* Preview Content */ = {
			isa = PBXGroup;
			children = (
				3EEE2E9D294DD0AD0066E7E0 /* Preview Assets.xcassets */,
			);
			path = "Preview Content";
			sourceTree = "<group>";
		};
/* End PBXGroup section */

/* Begin PBXNativeTarget section */
		3EEE2E92294DD0AD0066E7E0 /* sertifikasi-library */ = {
			isa = PBXNativeTarget;
			buildConfigurationList = 3EEE2EA6294DD0AD0066E7E0 /* Build configuration list for PBXNativeTarget "sertifikasi-library" */;
			buildPhases = (
				3EEE2E8F294DD0AD0066E7E0 /* Sources */,
				3EEE2E90294DD0AD0066E7E0 /* Frameworks */,
				3EEE2E91294DD0AD0066E7E0 /* Resources */,
			);
			buildRules = (
			);
			dependencies = (
			);
			name = "sertifikasi-library";
			productName = "sertifikasi-library";
			productReference = 3EEE2E93294DD0AD0066E7E0 /* sertifikasi-library.app */;
			productType = "com.apple.product-type.application";
		};
/* End PBXNativeTarget section */

/* Begin PBXProject section */
		3EEE2E8B294DD0AD0066E7E0 /* Project object */ = {
			isa = PBXProject;
			attributes = {
				BuildIndependentTargetsInParallel = 1;
				LastSwiftUpdateCheck = 1400;
				LastUpgradeCheck = 1400;
				TargetAttributes = {
					3EEE2E92294DD0AD0066E7E0 = {
						CreatedOnToolsVersion = 14.0;
					};
				};
			};
			buildConfigurationList = 3EEE2E8E294DD0AD0066E7E0 /* Build configuration list for PBXProject "sertifikasi-library" */;
			compatibilityVersion = "Xcode 14.0";
			developmentRegion = en;
			hasScannedForEncodings = 0;
			knownRegions = (
				en,
				Base,
			);
			mainGroup = 3EEE2E8A294DD0AD0066E7E0;
			productRefGroup = 3EEE2E94294DD0AD0066E7E0 /* Products */;
			projectDirPath = "";
			projectRoot = "";
			targets = (
				3EEE2E92294DD0AD0066E7E0 /* sertifikasi-library */,
			);
		};
/* End PBXProject section */

/* Begin PBXResourcesBuildPhase section */
		3EEE2E91294DD0AD0066E7E0 /* Resources */ = {
			isa = PBXResourcesBuildPhase;
			buildActionMask = 2147483647;
			files = (
				3EEE2E9E294DD0AD0066E7E0 /* Preview Assets.xcassets in Resources */,
				3EEE2E9B294DD0AD0066E7E0 /* Assets.xcassets in Resources */,
			);
			runOnlyForDeploymentPostprocessing = 0;
		};
/* End PBXResourcesBuildPhase section */

/* Begin PBXSourcesBuildPhase section */
		3EEE2E8F294DD0AD0066E7E0 /* Sources */ = {
			isa = PBXSourcesBuildPhase;
			buildActionMask = 2147483647;
			files = (
				3E365168294E755200AAE128 /* TabBarView.swift in Sources */,
				3E8B78BF294EB76700E1A53E /* SearchUserView.swift in Sources */,
				3E342CE0294E3BCD001CB6DD /* TestingAddUserView.swift in Sources */,
				3E37D1D2294E72B900849264 /* Catalogue+CoreDataProperties.swift in Sources */,
				3E37D1D1294E72B900849264 /* Catalogue+CoreDataClass.swift in Sources */,
				3EEE2EA3294DD0AD0066E7E0 /* sertifikasi_library.xcdatamodeld in Sources */,
				3E342CE6294E58C3001CB6DD /* CatalogueView.swift in Sources */,
				3E342CDB294E33B9001CB6DD /* UserViewModel.swift in Sources */,
				3EEE2EA0294DD0AD0066E7E0 /* Persistence.swift in Sources */,
				3EF5CAE8294DE29100B4909C /* Loan+CoreDataProperties.swift in Sources */,
				3EF5CAE4294DE29100B4909C /* User+CoreDataProperties.swift in Sources */,
				3EEE2E99294DD0AD0066E7E0 /* ContentView.swift in Sources */,
				3EEE2E97294DD0AD0066E7E0 /* sertifikasi_libraryApp.swift in Sources */,
				3E8B78BD294EB5E200E1A53E /* ColorExtension.swift in Sources */,
				3E36516A294E81F700AAE128 /* MemberCatalogueView.swift in Sources */,
				3E342CE2294E4055001CB6DD /* AllUsersView.swift in Sources */,
				3E8B78C1294EC08800E1A53E /* LoanViewModel.swift in Sources */,
				3E8B78BA294EAD7A00E1A53E /* AddLoanView.swift in Sources */,
				3E342CE4294E4C2E001CB6DD /* CatalogueViewModel.swift in Sources */,
				3EF5CAE7294DE29100B4909C /* Loan+CoreDataClass.swift in Sources */,
				3E8B78B8294EA66200E1A53E /* AdminLoanView.swift in Sources */,
				3E8B78C3294ECE6C00E1A53E /* AdminLoanedCatalogueView.swift in Sources */,
				3EF5CAE3294DE29100B4909C /* User+CoreDataClass.swift in Sources */,
				3E342CE8294E599B001CB6DD /* TestingAddCatalogueView.swift in Sources */,
			);
			runOnlyForDeploymentPostprocessing = 0;
		};
/* End PBXSourcesBuildPhase section */

/* Begin XCBuildConfiguration section */
		3EEE2EA4294DD0AD0066E7E0 /* Debug */ = {
			isa = XCBuildConfiguration;
			buildSettings = {
				ALWAYS_SEARCH_USER_PATHS = NO;
				CLANG_ANALYZER_NONNULL = YES;
				CLANG_ANALYZER_NUMBER_OBJECT_CONVERSION = YES_AGGRESSIVE;
				CLANG_CXX_LANGUAGE_STANDARD = "gnu++20";
				CLANG_ENABLE_MODULES = YES;
				CLANG_ENABLE_OBJC_ARC = YES;
				CLANG_ENABLE_OBJC_WEAK = YES;
				CLANG_WARN_BLOCK_CAPTURE_AUTORELEASING = YES;
				CLANG_WARN_BOOL_CONVERSION = YES;
				CLANG_WARN_COMMA = YES;
				CLANG_WARN_CONSTANT_CONVERSION = YES;
				CLANG_WARN_DEPRECATED_OBJC_IMPLEMENTATIONS = YES;
				CLANG_WARN_DIRECT_OBJC_ISA_USAGE = YES_ERROR;
				CLANG_WARN_DOCUMENTATION_COMMENTS = YES;
				CLANG_WARN_EMPTY_BODY = YES;
				CLANG_WARN_ENUM_CONVERSION = YES;
				CLANG_WARN_INFINITE_RECURSION = YES;
				CLANG_WARN_INT_CONVERSION = YES;
				CLANG_WARN_NON_LITERAL_NULL_CONVERSION = YES;
				CLANG_WARN_OBJC_IMPLICIT_RETAIN_SELF = YES;
				CLANG_WARN_OBJC_LITERAL_CONVERSION = YES;
				CLANG_WARN_OBJC_ROOT_CLASS = YES_ERROR;
				CLANG_WARN_QUOTED_INCLUDE_IN_FRAMEWORK_HEADER = YES;
				CLANG_WARN_RANGE_LOOP_ANALYSIS = YES;
				CLANG_WARN_STRICT_PROTOTYPES = YES;
				CLANG_WARN_SUSPICIOUS_MOVE = YES;
				CLANG_WARN_UNGUARDED_AVAILABILITY = YES_AGGRESSIVE;
				CLANG_WARN_UNREACHABLE_CODE = YES;
				CLANG_WARN__DUPLICATE_METHOD_MATCH = YES;
				COPY_PHASE_STRIP = NO;
				DEBUG_INFORMATION_FORMAT = dwarf;
				ENABLE_STRICT_OBJC_MSGSEND = YES;
				ENABLE_TESTABILITY = YES;
				GCC_C_LANGUAGE_STANDARD = gnu11;
				GCC_DYNAMIC_NO_PIC = NO;
				GCC_NO_COMMON_BLOCKS = YES;
				GCC_OPTIMIZATION_LEVEL = 0;
				GCC_PREPROCESSOR_DEFINITIONS = (
					"DEBUG=1",
					"$(inherited)",
				);
				GCC_WARN_64_TO_32_BIT_CONVERSION = YES;
				GCC_WARN_ABOUT_RETURN_TYPE = YES_ERROR;
				GCC_WARN_UNDECLARED_SELECTOR = YES;
				GCC_WARN_UNINITIALIZED_AUTOS = YES_AGGRESSIVE;
				GCC_WARN_UNUSED_FUNCTION = YES;
				GCC_WARN_UNUSED_VARIABLE = YES;
				IPHONEOS_DEPLOYMENT_TARGET = 16.0;
				MTL_ENABLE_DEBUG_INFO = INCLUDE_SOURCE;
				MTL_FAST_MATH = YES;
				ONLY_ACTIVE_ARCH = YES;
				SDKROOT = iphoneos;
				SWIFT_ACTIVE_COMPILATION_CONDITIONS = DEBUG;
				SWIFT_OPTIMIZATION_LEVEL = "-Onone";
			};
			name = Debug;
		};
		3EEE2EA5294DD0AD0066E7E0 /* Release */ = {
			isa = XCBuildConfiguration;
			buildSettings = {
				ALWAYS_SEARCH_USER_PATHS = NO;
				CLANG_ANALYZER_NONNULL = YES;
				CLANG_ANALYZER_NUMBER_OBJECT_CONVERSION = YES_AGGRESSIVE;
				CLANG_CXX_LANGUAGE_STANDARD = "gnu++20";
				CLANG_ENABLE_MODULES = YES;
				CLANG_ENABLE_OBJC_ARC = YES;
				CLANG_ENABLE_OBJC_WEAK = YES;
				CLANG_WARN_BLOCK_CAPTURE_AUTORELEASING = YES;
				CLANG_WARN_BOOL_CONVERSION = YES;
				CLANG_WARN_COMMA = YES;
				CLANG_WARN_CONSTANT_CONVERSION = YES;
				CLANG_WARN_DEPRECATED_OBJC_IMPLEMENTATIONS = YES;
				CLANG_WARN_DIRECT_OBJC_ISA_USAGE = YES_ERROR;
				CLANG_WARN_DOCUMENTATION_COMMENTS = YES;
				CLANG_WARN_EMPTY_BODY = YES;
				CLANG_WARN_ENUM_CONVERSION = YES;
				CLANG_WARN_INFINITE_RECURSION = YES;
				CLANG_WARN_INT_CONVERSION = YES;
				CLANG_WARN_NON_LITERAL_NULL_CONVERSION = YES;
				CLANG_WARN_OBJC_IMPLICIT_RETAIN_SELF = YES;
				CLANG_WARN_OBJC_LITERAL_CONVERSION = YES;
				CLANG_WARN_OBJC_ROOT_CLASS = YES_ERROR;
				CLANG_WARN_QUOTED_INCLUDE_IN_FRAMEWORK_HEADER = YES;
				CLANG_WARN_RANGE_LOOP_ANALYSIS = YES;
				CLANG_WARN_STRICT_PROTOTYPES = YES;
				CLANG_WARN_SUSPICIOUS_MOVE = YES;
				CLANG_WARN_UNGUARDED_AVAILABILITY = YES_AGGRESSIVE;
				CLANG_WARN_UNREACHABLE_CODE = YES;
				CLANG_WARN__DUPLICATE_METHOD_MATCH = YES;
				COPY_PHASE_STRIP = NO;
				DEBUG_INFORMATION_FORMAT = "dwarf-with-dsym";
				ENABLE_NS_ASSERTIONS = NO;
				ENABLE_STRICT_OBJC_MSGSEND = YES;
				GCC_C_LANGUAGE_STANDARD = gnu11;
				GCC_NO_COMMON_BLOCKS = YES;
				GCC_WARN_64_TO_32_BIT_CONVERSION = YES;
				GCC_WARN_ABOUT_RETURN_TYPE = YES_ERROR;
				GCC_WARN_UNDECLARED_SELECTOR = YES;
				GCC_WARN_UNINITIALIZED_AUTOS = YES_AGGRESSIVE;
				GCC_WARN_UNUSED_FUNCTION = YES;
				GCC_WARN_UNUSED_VARIABLE = YES;
				IPHONEOS_DEPLOYMENT_TARGET = 16.0;
				MTL_ENABLE_DEBUG_INFO = NO;
				MTL_FAST_MATH = YES;
				SDKROOT = iphoneos;
				SWIFT_COMPILATION_MODE = wholemodule;
				SWIFT_OPTIMIZATION_LEVEL = "-O";
				VALIDATE_PRODUCT = YES;
			};
			name = Release;
		};
		3EEE2EA7294DD0AD0066E7E0 /* Debug */ = {
			isa = XCBuildConfiguration;
			buildSettings = {
				ASSETCATALOG_COMPILER_APPICON_NAME = AppIcon;
				ASSETCATALOG_COMPILER_GLOBAL_ACCENT_COLOR_NAME = AccentColor;
				CODE_SIGN_STYLE = Automatic;
				CURRENT_PROJECT_VERSION = 1;
				DEVELOPMENT_ASSET_PATHS = "\"sertifikasi-library/Preview Content\"";
				DEVELOPMENT_TEAM = QT6B66A8Y8;
				ENABLE_PREVIEWS = YES;
				GENERATE_INFOPLIST_FILE = YES;
				INFOPLIST_KEY_UIApplicationSceneManifest_Generation = YES;
				INFOPLIST_KEY_UIApplicationSupportsIndirectInputEvents = YES;
				INFOPLIST_KEY_UILaunchScreen_Generation = YES;
				INFOPLIST_KEY_UISupportedInterfaceOrientations_iPad = "UIInterfaceOrientationPortrait UIInterfaceOrientationPortraitUpsideDown UIInterfaceOrientationLandscapeLeft UIInterfaceOrientationLandscapeRight";
				INFOPLIST_KEY_UISupportedInterfaceOrientations_iPhone = "UIInterfaceOrientationPortrait UIInterfaceOrientationLandscapeLeft UIInterfaceOrientationLandscapeRight";
				LD_RUNPATH_SEARCH_PATHS = (
					"$(inherited)",
					"@executable_path/Frameworks",
				);
				MARKETING_VERSION = 1.0;
				PRODUCT_BUNDLE_IDENTIFIER = "com.apphomet.sertifikasi-library";
				PRODUCT_NAME = "$(TARGET_NAME)";
				SWIFT_EMIT_LOC_STRINGS = YES;
				SWIFT_VERSION = 5.0;
				TARGETED_DEVICE_FAMILY = "1,2";
			};
			name = Debug;
		};
		3EEE2EA8294DD0AD0066E7E0 /* Release */ = {
			isa = XCBuildConfiguration;
			buildSettings = {
				ASSETCATALOG_COMPILER_APPICON_NAME = AppIcon;
				ASSETCATALOG_COMPILER_GLOBAL_ACCENT_COLOR_NAME = AccentColor;
				CODE_SIGN_STYLE = Automatic;
				CURRENT_PROJECT_VERSION = 1;
				DEVELOPMENT_ASSET_PATHS = "\"sertifikasi-library/Preview Content\"";
				DEVELOPMENT_TEAM = QT6B66A8Y8;
				ENABLE_PREVIEWS = YES;
				GENERATE_INFOPLIST_FILE = YES;
				INFOPLIST_KEY_UIApplicationSceneManifest_Generation = YES;
				INFOPLIST_KEY_UIApplicationSupportsIndirectInputEvents = YES;
				INFOPLIST_KEY_UILaunchScreen_Generation = YES;
				INFOPLIST_KEY_UISupportedInterfaceOrientations_iPad = "UIInterfaceOrientationPortrait UIInterfaceOrientationPortraitUpsideDown UIInterfaceOrientationLandscapeLeft UIInterfaceOrientationLandscapeRight";
				INFOPLIST_KEY_UISupportedInterfaceOrientations_iPhone = "UIInterfaceOrientationPortrait UIInterfaceOrientationLandscapeLeft UIInterfaceOrientationLandscapeRight";
				LD_RUNPATH_SEARCH_PATHS = (
					"$(inherited)",
					"@executable_path/Frameworks",
				);
				MARKETING_VERSION = 1.0;
				PRODUCT_BUNDLE_IDENTIFIER = "com.apphomet.sertifikasi-library";
				PRODUCT_NAME = "$(TARGET_NAME)";
				SWIFT_EMIT_LOC_STRINGS = YES;
				SWIFT_VERSION = 5.0;
				TARGETED_DEVICE_FAMILY = "1,2";
			};
			name = Release;
		};
/* End XCBuildConfiguration section */

/* Begin XCConfigurationList section */
		3EEE2E8E294DD0AD0066E7E0 /* Build configuration list for PBXProject "sertifikasi-library" */ = {
			isa = XCConfigurationList;
			buildConfigurations = (
				3EEE2EA4294DD0AD0066E7E0 /* Debug */,
				3EEE2EA5294DD0AD0066E7E0 /* Release */,
			);
			defaultConfigurationIsVisible = 0;
			defaultConfigurationName = Release;
		};
		3EEE2EA6294DD0AD0066E7E0 /* Build configuration list for PBXNativeTarget "sertifikasi-library" */ = {
			isa = XCConfigurationList;
			buildConfigurations = (
				3EEE2EA7294DD0AD0066E7E0 /* Debug */,
				3EEE2EA8294DD0AD0066E7E0 /* Release */,
			);
			defaultConfigurationIsVisible = 0;
			defaultConfigurationName = Release;
		};
/* End XCConfigurationList section */

/* Begin XCVersionGroup section */
		3EEE2EA1294DD0AD0066E7E0 /* sertifikasi_library.xcdatamodeld */ = {
			isa = XCVersionGroup;
			children = (
				3EEE2EA2294DD0AD0066E7E0 /* sertifikasi_library.xcdatamodel */,
			);
			currentVersion = 3EEE2EA2294DD0AD0066E7E0 /* sertifikasi_library.xcdatamodel */;
			path = sertifikasi_library.xcdatamodeld;
			sourceTree = "<group>";
			versionGroupType = wrapper.xcdatamodel;
		};
/* End XCVersionGroup section */
	};
	rootObject = 3EEE2E8B294DD0AD0066E7E0 /* Project object */;
}
